// !$*UTF8*$!
{
	archiveVersion = 1;
	classes = {
	};
	objectVersion = 51;
	objects = {

/* Begin PBXBuildFile section */
		836A192657DBD80D5AACE91C /* Pods_SimonWongSwift.framework in Frameworks */ = {isa = PBXBuildFile; fileRef = 0D3B8AD4F08A17B894EF01C0 /* Pods_SimonWongSwift.framework */; };
		842B926F24D11C51000BA398 /* LoadFromNibProtocol.swift in Sources */ = {isa = PBXBuildFile; fileRef = 842B926E24D11C51000BA398 /* LoadFromNibProtocol.swift */; };
		842B927324D11CFA000BA398 /* ReuseIdentifierProtocol.swift in Sources */ = {isa = PBXBuildFile; fileRef = 842B927224D11CFA000BA398 /* ReuseIdentifierProtocol.swift */; };
		842B927624D11D7E000BA398 /* ImportHeader.swift in Sources */ = {isa = PBXBuildFile; fileRef = 842B927524D11D7E000BA398 /* ImportHeader.swift */; };
		842B927824D11F90000BA398 /* CommonHeader.swift in Sources */ = {isa = PBXBuildFile; fileRef = 842B927724D11F90000BA398 /* CommonHeader.swift */; };
		842B927B24D12692000BA398 /* AppDelegate+Fade.swift in Sources */ = {isa = PBXBuildFile; fileRef = 842B927A24D12692000BA398 /* AppDelegate+Fade.swift */; };
		842B927E24D128F8000BA398 /* SplitViewController.swift in Sources */ = {isa = PBXBuildFile; fileRef = 842B927D24D128F8000BA398 /* SplitViewController.swift */; };
		842B928224D12995000BA398 /* BaseNavigationController.swift in Sources */ = {isa = PBXBuildFile; fileRef = 842B928124D12995000BA398 /* BaseNavigationController.swift */; };
		842F143F24CA954300C45090 /* AppDelegate.swift in Sources */ = {isa = PBXBuildFile; fileRef = 842F143E24CA954300C45090 /* AppDelegate.swift */; };
		842F144324CA954300C45090 /* ViewController.swift in Sources */ = {isa = PBXBuildFile; fileRef = 842F144224CA954300C45090 /* ViewController.swift */; };
		842F144824CA954600C45090 /* Assets.xcassets in Resources */ = {isa = PBXBuildFile; fileRef = 842F144724CA954600C45090 /* Assets.xcassets */; };
		842F144B24CA954600C45090 /* LaunchScreen.storyboard in Resources */ = {isa = PBXBuildFile; fileRef = 842F144924CA954600C45090 /* LaunchScreen.storyboard */; };
/* End PBXBuildFile section */

/* Begin PBXFileReference section */
		0D3B8AD4F08A17B894EF01C0 /* Pods_SimonWongSwift.framework */ = {isa = PBXFileReference; explicitFileType = wrapper.framework; includeInIndex = 0; path = Pods_SimonWongSwift.framework; sourceTree = BUILT_PRODUCTS_DIR; };
		842B926E24D11C51000BA398 /* LoadFromNibProtocol.swift */ = {isa = PBXFileReference; lastKnownFileType = sourcecode.swift; path = LoadFromNibProtocol.swift; sourceTree = "<group>"; };
		842B927224D11CFA000BA398 /* ReuseIdentifierProtocol.swift */ = {isa = PBXFileReference; lastKnownFileType = sourcecode.swift; path = ReuseIdentifierProtocol.swift; sourceTree = "<group>"; };
		842B927524D11D7E000BA398 /* ImportHeader.swift */ = {isa = PBXFileReference; lastKnownFileType = sourcecode.swift; path = ImportHeader.swift; sourceTree = "<group>"; };
		842B927724D11F90000BA398 /* CommonHeader.swift */ = {isa = PBXFileReference; lastKnownFileType = sourcecode.swift; path = CommonHeader.swift; sourceTree = "<group>"; };
		842B927A24D12692000BA398 /* AppDelegate+Fade.swift */ = {isa = PBXFileReference; lastKnownFileType = sourcecode.swift; path = "AppDelegate+Fade.swift"; sourceTree = "<group>"; };
		842B927D24D128F8000BA398 /* SplitViewController.swift */ = {isa = PBXFileReference; lastKnownFileType = sourcecode.swift; path = SplitViewController.swift; sourceTree = "<group>"; };
		842B928124D12995000BA398 /* BaseNavigationController.swift */ = {isa = PBXFileReference; lastKnownFileType = sourcecode.swift; path = BaseNavigationController.swift; sourceTree = "<group>"; };
		842F143B24CA954300C45090 /* SimonWongSwift.app */ = {isa = PBXFileReference; explicitFileType = wrapper.application; includeInIndex = 0; path = SimonWongSwift.app; sourceTree = BUILT_PRODUCTS_DIR; };
		842F143E24CA954300C45090 /* AppDelegate.swift */ = {isa = PBXFileReference; lastKnownFileType = sourcecode.swift; path = AppDelegate.swift; sourceTree = "<group>"; };
		842F144224CA954300C45090 /* ViewController.swift */ = {isa = PBXFileReference; lastKnownFileType = sourcecode.swift; path = ViewController.swift; sourceTree = "<group>"; };
		842F144724CA954600C45090 /* Assets.xcassets */ = {isa = PBXFileReference; lastKnownFileType = folder.assetcatalog; path = Assets.xcassets; sourceTree = "<group>"; };
		842F144A24CA954600C45090 /* Base */ = {isa = PBXFileReference; lastKnownFileType = file.storyboard; name = Base; path = Base.lproj/LaunchScreen.storyboard; sourceTree = "<group>"; };
		842F144C24CA954600C45090 /* Info.plist */ = {isa = PBXFileReference; lastKnownFileType = text.plist.xml; path = Info.plist; sourceTree = "<group>"; };
		98384983532BD539A3B504CF /* Pods-SimonWongSwift.release.xcconfig */ = {isa = PBXFileReference; includeInIndex = 1; lastKnownFileType = text.xcconfig; name = "Pods-SimonWongSwift.release.xcconfig"; path = "Target Support Files/Pods-SimonWongSwift/Pods-SimonWongSwift.release.xcconfig"; sourceTree = "<group>"; };
		C1A514E647815C153FBA5EA2 /* Pods-SimonWongSwift.debug.xcconfig */ = {isa = PBXFileReference; includeInIndex = 1; lastKnownFileType = text.xcconfig; name = "Pods-SimonWongSwift.debug.xcconfig"; path = "Target Support Files/Pods-SimonWongSwift/Pods-SimonWongSwift.debug.xcconfig"; sourceTree = "<group>"; };
/* End PBXFileReference section */

/* Begin PBXFrameworksBuildPhase section */
		842F143824CA954300C45090 /* Frameworks */ = {
			isa = PBXFrameworksBuildPhase;
			buildActionMask = 2147483647;
			files = (
				836A192657DBD80D5AACE91C /* Pods_SimonWongSwift.framework in Frameworks */,
			);
			runOnlyForDeploymentPostprocessing = 0;
		};
/* End PBXFrameworksBuildPhase section */

/* Begin PBXGroup section */
		842B926C24D11C16000BA398 /* Extensions */ = {
			isa = PBXGroup;
			children = (
			);
			path = Extensions;
			sourceTree = "<group>";
		};
		842B926D24D11C3F000BA398 /* Protocols */ = {
			isa = PBXGroup;
			children = (
				842B926E24D11C51000BA398 /* LoadFromNibProtocol.swift */,
				842B927224D11CFA000BA398 /* ReuseIdentifierProtocol.swift */,
			);
			path = Protocols;
			sourceTree = "<group>";
		};
		842B927424D11D70000BA398 /* Headers */ = {
			isa = PBXGroup;
			children = (
				842B927524D11D7E000BA398 /* ImportHeader.swift */,
				842B927724D11F90000BA398 /* CommonHeader.swift */,
			);
			path = Headers;
			sourceTree = "<group>";
		};
		842B927924D12673000BA398 /* Other */ = {
			isa = PBXGroup;
			children = (
				842B927C24D128D0000BA398 /* ViewControllers */,
				842F143E24CA954300C45090 /* AppDelegate.swift */,
				842B927A24D12692000BA398 /* AppDelegate+Fade.swift */,
			);
			path = Other;
			sourceTree = "<group>";
		};
		842B927C24D128D0000BA398 /* ViewControllers */ = {
			isa = PBXGroup;
			children = (
				842B927D24D128F8000BA398 /* SplitViewController.swift */,
			);
			path = ViewControllers;
			sourceTree = "<group>";
		};
		842B927F24D12973000BA398 /* Bases */ = {
			isa = PBXGroup;
			children = (
				842B928024D1297A000BA398 /* ViewControllers */,
			);
			path = Bases;
			sourceTree = "<group>";
		};
		842B928024D1297A000BA398 /* ViewControllers */ = {
			isa = PBXGroup;
			children = (
				842B928124D12995000BA398 /* BaseNavigationController.swift */,
			);
			path = ViewControllers;
			sourceTree = "<group>";
		};
		842F143224CA954300C45090 = {
			isa = PBXGroup;
			children = (
				842F143D24CA954300C45090 /* SimonWongSwift */,
				842F143C24CA954300C45090 /* Products */,
				C3604349CA3E8351EF7ABB6E /* Pods */,
				C786934DFEE2E4E9106CFF59 /* Frameworks */,
			);
			sourceTree = "<group>";
		};
		842F143C24CA954300C45090 /* Products */ = {
			isa = PBXGroup;
			children = (
				842F143B24CA954300C45090 /* SimonWongSwift.app */,
			);
			name = Products;
			sourceTree = "<group>";
		};
		842F143D24CA954300C45090 /* SimonWongSwift */ = {
			isa = PBXGroup;
			children = (
				842B927F24D12973000BA398 /* Bases */,
				842B926C24D11C16000BA398 /* Extensions */,
				842B927424D11D70000BA398 /* Headers */,
				842B926D24D11C3F000BA398 /* Protocols */,
				842B927924D12673000BA398 /* Other */,
				842F144224CA954300C45090 /* ViewController.swift */,
				842F144724CA954600C45090 /* Assets.xcassets */,
				842F144924CA954600C45090 /* LaunchScreen.storyboard */,
				842F144C24CA954600C45090 /* Info.plist */,
			);
			path = SimonWongSwift;
			sourceTree = "<group>";
		};
		C3604349CA3E8351EF7ABB6E /* Pods */ = {
			isa = PBXGroup;
			children = (
				C1A514E647815C153FBA5EA2 /* Pods-SimonWongSwift.debug.xcconfig */,
				98384983532BD539A3B504CF /* Pods-SimonWongSwift.release.xcconfig */,
			);
			path = Pods;
			sourceTree = "<group>";
		};
		C786934DFEE2E4E9106CFF59 /* Frameworks */ = {
			isa = PBXGroup;
			children = (
				0D3B8AD4F08A17B894EF01C0 /* Pods_SimonWongSwift.framework */,
			);
			name = Frameworks;
			sourceTree = "<group>";
		};
/* End PBXGroup section */

/* Begin PBXNativeTarget section */
		842F143A24CA954300C45090 /* SimonWongSwift */ = {
			isa = PBXNativeTarget;
			buildConfigurationList = 842F144F24CA954600C45090 /* Build configuration list for PBXNativeTarget "SimonWongSwift" */;
			buildPhases = (
				0B43063CAC8DD737DB7C1AAB /* [CP] Check Pods Manifest.lock */,
				842F143724CA954300C45090 /* Sources */,
				842F143824CA954300C45090 /* Frameworks */,
				842F143924CA954300C45090 /* Resources */,
				8212F4B4D2038997A49EBC42 /* [CP] Embed Pods Frameworks */,
			);
			buildRules = (
			);
			dependencies = (
			);
			name = SimonWongSwift;
			productName = SimonWongSwift;
			productReference = 842F143B24CA954300C45090 /* SimonWongSwift.app */;
			productType = "com.apple.product-type.application";
		};
/* End PBXNativeTarget section */

/* Begin PBXProject section */
		842F143324CA954300C45090 /* Project object */ = {
			isa = PBXProject;
			attributes = {
				LastSwiftUpdateCheck = 1160;
				LastUpgradeCheck = 1160;
				ORGANIZATIONNAME = SimonWong;
				TargetAttributes = {
					842F143A24CA954300C45090 = {
						CreatedOnToolsVersion = 11.6;
					};
				};
			};
			buildConfigurationList = 842F143624CA954300C45090 /* Build configuration list for PBXProject "SimonWongSwift" */;
			compatibilityVersion = "Xcode 9.3";
			developmentRegion = en;
			hasScannedForEncodings = 0;
			knownRegions = (
				en,
				Base,
			);
			mainGroup = 842F143224CA954300C45090;
			productRefGroup = 842F143C24CA954300C45090 /* Products */;
			projectDirPath = "";
			projectRoot = "";
			targets = (
				842F143A24CA954300C45090 /* SimonWongSwift */,
			);
		};
/* End PBXProject section */

/* Begin PBXResourcesBuildPhase section */
		842F143924CA954300C45090 /* Resources */ = {
			isa = PBXResourcesBuildPhase;
			buildActionMask = 2147483647;
			files = (
				842F144B24CA954600C45090 /* LaunchScreen.storyboard in Resources */,
				842F144824CA954600C45090 /* Assets.xcassets in Resources */,
			);
			runOnlyForDeploymentPostprocessing = 0;
		};
/* End PBXResourcesBuildPhase section */

/* Begin PBXShellScriptBuildPhase section */
		0B43063CAC8DD737DB7C1AAB /* [CP] Check Pods Manifest.lock */ = {
			isa = PBXShellScriptBuildPhase;
			buildActionMask = 2147483647;
			files = (
			);
			inputFileListPaths = (
			);
			inputPaths = (
				"${PODS_PODFILE_DIR_PATH}/Podfile.lock",
				"${PODS_ROOT}/Manifest.lock",
			);
			name = "[CP] Check Pods Manifest.lock";
			outputFileListPaths = (
			);
			outputPaths = (
				"$(DERIVED_FILE_DIR)/Pods-SimonWongSwift-checkManifestLockResult.txt",
			);
			runOnlyForDeploymentPostprocessing = 0;
			shellPath = /bin/sh;
			shellScript = "diff \"${PODS_PODFILE_DIR_PATH}/Podfile.lock\" \"${PODS_ROOT}/Manifest.lock\" > /dev/null\nif [ $? != 0 ] ; then\n    # print error to STDERR\n    echo \"error: The sandbox is not in sync with the Podfile.lock. Run 'pod install' or update your CocoaPods installation.\" >&2\n    exit 1\nfi\n# This output is used by Xcode 'outputs' to avoid re-running this script phase.\necho \"SUCCESS\" > \"${SCRIPT_OUTPUT_FILE_0}\"\n";
			showEnvVarsInLog = 0;
		};
		8212F4B4D2038997A49EBC42 /* [CP] Embed Pods Frameworks */ = {
			isa = PBXShellScriptBuildPhase;
			buildActionMask = 2147483647;
			files = (
			);
			inputFileListPaths = (
				"${PODS_ROOT}/Target Support Files/Pods-SimonWongSwift/Pods-SimonWongSwift-frameworks-${CONFIGURATION}-input-files.xcfilelist",
			);
			name = "[CP] Embed Pods Frameworks";
			outputFileListPaths = (
				"${PODS_ROOT}/Target Support Files/Pods-SimonWongSwift/Pods-SimonWongSwift-frameworks-${CONFIGURATION}-output-files.xcfilelist",
			);
			runOnlyForDeploymentPostprocessing = 0;
			shellPath = /bin/sh;
			shellScript = "\"${PODS_ROOT}/Target Support Files/Pods-SimonWongSwift/Pods-SimonWongSwift-frameworks.sh\"\n";
			showEnvVarsInLog = 0;
		};
/* End PBXShellScriptBuildPhase section */

/* Begin PBXSourcesBuildPhase section */
		842F143724CA954300C45090 /* Sources */ = {
			isa = PBXSourcesBuildPhase;
			buildActionMask = 2147483647;
			files = (
				842F144324CA954300C45090 /* ViewController.swift in Sources */,
				842B927824D11F90000BA398 /* CommonHeader.swift in Sources */,
				842F143F24CA954300C45090 /* AppDelegate.swift in Sources */,
				842B927624D11D7E000BA398 /* ImportHeader.swift in Sources */,
				842B927B24D12692000BA398 /* AppDelegate+Fade.swift in Sources */,
				842B928224D12995000BA398 /* BaseNavigationController.swift in Sources */,
				842B926F24D11C51000BA398 /* LoadFromNibProtocol.swift in Sources */,
				842B927324D11CFA000BA398 /* ReuseIdentifierProtocol.swift in Sources */,
				842B927E24D128F8000BA398 /* SplitViewController.swift in Sources */,
			);
			runOnlyForDeploymentPostprocessing = 0;
		};
/* End PBXSourcesBuildPhase section */

/* Begin PBXVariantGroup section */
		842F144924CA954600C45090 /* LaunchScreen.storyboard */ = {
			isa = PBXVariantGroup;
			children = (
				842F144A24CA954600C45090 /* Base */,
			);
			name = LaunchScreen.storyboard;
			sourceTree = "<group>";
		};
/* End PBXVariantGroup section */

/* Begin XCBuildConfiguration section */
		842F144D24CA954600C45090 /* Debug */ = {
			isa = XCBuildConfiguration;
			buildSettings = {
				ALWAYS_SEARCH_USER_PATHS = NO;
				CLANG_ANALYZER_NONNULL = YES;
				CLANG_ANALYZER_NUMBER_OBJECT_CONVERSION = YES_AGGRESSIVE;
				CLANG_CXX_LANGUAGE_STANDARD = "gnu++14";
				CLANG_CXX_LIBRARY = "libc++";
				CLANG_ENABLE_MODULES = YES;
				CLANG_ENABLE_OBJC_ARC = YES;
				CLANG_ENABLE_OBJC_WEAK = YES;
				CLANG_WARN_BLOCK_CAPTURE_AUTORELEASING = YES;
				CLANG_WARN_BOOL_CONVERSION = YES;
				CLANG_WARN_COMMA = YES;
				CLANG_WARN_CONSTANT_CONVERSION = YES;
				CLANG_WARN_DEPRECATED_OBJC_IMPLEMENTATIONS = YES;
				CLANG_WARN_DIRECT_OBJC_ISA_USAGE = YES_ERROR;
				CLANG_WARN_DOCUMENTATION_COMMENTS = YES;
				CLANG_WARN_EMPTY_BODY = YES;
				CLANG_WARN_ENUM_CONVERSION = YES;
				CLANG_WARN_INFINITE_RECURSION = YES;
				CLANG_WARN_INT_CONVERSION = YES;
				CLANG_WARN_NON_LITERAL_NULL_CONVERSION = YES;
				CLANG_WARN_OBJC_IMPLICIT_RETAIN_SELF = YES;
				CLANG_WARN_OBJC_LITERAL_CONVERSION = YES;
				CLANG_WARN_OBJC_ROOT_CLASS = YES_ERROR;
				CLANG_WARN_RANGE_LOOP_ANALYSIS = YES;
				CLANG_WARN_STRICT_PROTOTYPES = YES;
				CLANG_WARN_SUSPICIOUS_MOVE = YES;
				CLANG_WARN_UNGUARDED_AVAILABILITY = YES_AGGRESSIVE;
				CLANG_WARN_UNREACHABLE_CODE = YES;
				CLANG_WARN__DUPLICATE_METHOD_MATCH = YES;
				COPY_PHASE_STRIP = NO;
				DEBUG_INFORMATION_FORMAT = dwarf;
				ENABLE_STRICT_OBJC_MSGSEND = YES;
				ENABLE_TESTABILITY = YES;
				GCC_C_LANGUAGE_STANDARD = gnu11;
				GCC_DYNAMIC_NO_PIC = NO;
				GCC_NO_COMMON_BLOCKS = YES;
				GCC_OPTIMIZATION_LEVEL = 0;
				GCC_PREPROCESSOR_DEFINITIONS = (
					"DEBUG=1",
					"$(inherited)",
				);
				GCC_WARN_64_TO_32_BIT_CONVERSION = YES;
				GCC_WARN_ABOUT_RETURN_TYPE = YES_ERROR;
				GCC_WARN_UNDECLARED_SELECTOR = YES;
				GCC_WARN_UNINITIALIZED_AUTOS = YES_AGGRESSIVE;
				GCC_WARN_UNUSED_FUNCTION = YES;
				GCC_WARN_UNUSED_VARIABLE = YES;
				IPHONEOS_DEPLOYMENT_TARGET = 11.0;
				MTL_ENABLE_DEBUG_INFO = INCLUDE_SOURCE;
				MTL_FAST_MATH = YES;
				ONLY_ACTIVE_ARCH = YES;
				SDKROOT = iphoneos;
				SWIFT_ACTIVE_COMPILATION_CONDITIONS = DEBUG;
				SWIFT_OPTIMIZATION_LEVEL = "-Onone";
			};
			name = Debug;
		};
		842F144E24CA954600C45090 /* Release */ = {
			isa = XCBuildConfiguration;
			buildSettings = {
				ALWAYS_SEARCH_USER_PATHS = NO;
				CLANG_ANALYZER_NONNULL = YES;
				CLANG_ANALYZER_NUMBER_OBJECT_CONVERSION = YES_AGGRESSIVE;
				CLANG_CXX_LANGUAGE_STANDARD = "gnu++14";
				CLANG_CXX_LIBRARY = "libc++";
				CLANG_ENABLE_MODULES = YES;
				CLANG_ENABLE_OBJC_ARC = YES;
				CLANG_ENABLE_OBJC_WEAK = YES;
				CLANG_WARN_BLOCK_CAPTURE_AUTORELEASING = YES;
				CLANG_WARN_BOOL_CONVERSION = YES;
				CLANG_WARN_COMMA = YES;
				CLANG_WARN_CONSTANT_CONVERSION = YES;
				CLANG_WARN_DEPRECATED_OBJC_IMPLEMENTATIONS = YES;
				CLANG_WARN_DIRECT_OBJC_ISA_USAGE = YES_ERROR;
				CLANG_WARN_DOCUMENTATION_COMMENTS = YES;
				CLANG_WARN_EMPTY_BODY = YES;
				CLANG_WARN_ENUM_CONVERSION = YES;
				CLANG_WARN_INFINITE_RECURSION = YES;
				CLANG_WARN_INT_CONVERSION = YES;
				CLANG_WARN_NON_LITERAL_NULL_CONVERSION = YES;
				CLANG_WARN_OBJC_IMPLICIT_RETAIN_SELF = YES;
				CLANG_WARN_OBJC_LITERAL_CONVERSION = YES;
				CLANG_WARN_OBJC_ROOT_CLASS = YES_ERROR;
				CLANG_WARN_RANGE_LOOP_ANALYSIS = YES;
				CLANG_WARN_STRICT_PROTOTYPES = YES;
				CLANG_WARN_SUSPICIOUS_MOVE = YES;
				CLANG_WARN_UNGUARDED_AVAILABILITY = YES_AGGRESSIVE;
				CLANG_WARN_UNREACHABLE_CODE = YES;
				CLANG_WARN__DUPLICATE_METHOD_MATCH = YES;
				COPY_PHASE_STRIP = NO;
				DEBUG_INFORMATION_FORMAT = "dwarf-with-dsym";
				ENABLE_NS_ASSERTIONS = NO;
				ENABLE_STRICT_OBJC_MSGSEND = YES;
				GCC_C_LANGUAGE_STANDARD = gnu11;
				GCC_NO_COMMON_BLOCKS = YES;
				GCC_WARN_64_TO_32_BIT_CONVERSION = YES;
				GCC_WARN_ABOUT_RETURN_TYPE = YES_ERROR;
				GCC_WARN_UNDECLARED_SELECTOR = YES;
				GCC_WARN_UNINITIALIZED_AUTOS = YES_AGGRESSIVE;
				GCC_WARN_UNUSED_FUNCTION = YES;
				GCC_WARN_UNUSED_VARIABLE = YES;
				IPHONEOS_DEPLOYMENT_TARGET = 11.0;
				MTL_ENABLE_DEBUG_INFO = NO;
				MTL_FAST_MATH = YES;
				SDKROOT = iphoneos;
				SWIFT_COMPILATION_MODE = wholemodule;
				SWIFT_OPTIMIZATION_LEVEL = "-O";
				VALIDATE_PRODUCT = YES;
			};
			name = Release;
		};
		842F145024CA954600C45090 /* Debug */ = {
			isa = XCBuildConfiguration;
			baseConfigurationReference = C1A514E647815C153FBA5EA2 /* Pods-SimonWongSwift.debug.xcconfig */;
			buildSettings = {
				ASSETCATALOG_COMPILER_APPICON_NAME = AppIcon;
				CODE_SIGN_STYLE = Automatic;
				INFOPLIST_FILE = SimonWongSwift/Info.plist;
				LD_RUNPATH_SEARCH_PATHS = (
					"$(inherited)",
					"@executable_path/Frameworks",
				);
				PRODUCT_BUNDLE_IDENTIFIER = SimonWong.SimonWongSwift;
				PRODUCT_NAME = "$(TARGET_NAME)";
				SWIFT_VERSION = 5.0;
				TARGETED_DEVICE_FAMILY = "1,2";
			};
			name = Debug;
		};
		842F145124CA954600C45090 /* Release */ = {
			isa = XCBuildConfiguration;
			baseConfigurationReference = 98384983532BD539A3B504CF /* Pods-SimonWongSwift.release.xcconfig */;
			buildSettings = {
				ASSETCATALOG_COMPILER_APPICON_NAME = AppIcon;
				CODE_SIGN_STYLE = Automatic;
				INFOPLIST_FILE = SimonWongSwift/Info.plist;
				LD_RUNPATH_SEARCH_PATHS = (
					"$(inherited)",
					"@executable_path/Frameworks",
				);
				PRODUCT_BUNDLE_IDENTIFIER = SimonWong.SimonWongSwift;
				PRODUCT_NAME = "$(TARGET_NAME)";
				SWIFT_VERSION = 5.0;
				TARGETED_DEVICE_FAMILY = "1,2";
			};
			name = Release;
		};
/* End XCBuildConfiguration section */

/* Begin XCConfigurationList section */
		842F143624CA954300C45090 /* Build configuration list for PBXProject "SimonWongSwift" */ = {
			isa = XCConfigurationList;
			buildConfigurations = (
				842F144D24CA954600C45090 /* Debug */,
				842F144E24CA954600C45090 /* Release */,
			);
			defaultConfigurationIsVisible = 0;
			defaultConfigurationName = Release;
		};
		842F144F24CA954600C45090 /* Build configuration list for PBXNativeTarget "SimonWongSwift" */ = {
			isa = XCConfigurationList;
			buildConfigurations = (
				842F145024CA954600C45090 /* Debug */,
				842F145124CA954600C45090 /* Release */,
			);
			defaultConfigurationIsVisible = 0;
			defaultConfigurationName = Release;
		};
/* End XCConfigurationList section */
	};
	rootObject = 842F143324CA954300C45090 /* Project object */;
}
